// !$*UTF8*$!
{
	archiveVersion = 1;
	classes = {
	};
	objectVersion = 46;
	objects = {

/* Begin PBXBuildFile section */
		1D3623260D0F684500981E51 /* AppDelegate.m in Sources */ = {isa = PBXBuildFile; fileRef = 1D3623250D0F684500981E51 /* AppDelegate.m */; };
		1D60589B0D05DD56006BFB54 /* main.m in Sources */ = {isa = PBXBuildFile; fileRef = 29B97316FDCFA39411CA2CEA /* main.m */; };
		1D60589F0D05DD5A006BFB54 /* Foundation.framework in Frameworks */ = {isa = PBXBuildFile; fileRef = 1D30AB110D05D00D00671497 /* Foundation.framework */; };
		1DF5F4E00D08C38300B7A737 /* UIKit.framework in Frameworks */ = {isa = PBXBuildFile; fileRef = 1DF5F4DF0D08C38300B7A737 /* UIKit.framework */; };
		288765A50DF7441C002DB57D /* CoreGraphics.framework in Frameworks */ = {isa = PBXBuildFile; fileRef = 288765A40DF7441C002DB57D /* CoreGraphics.framework */; };
		28D7ACF80DDB3853001CB0EB /* RootViewController.m in Sources */ = {isa = PBXBuildFile; fileRef = 28D7ACF70DDB3853001CB0EB /* RootViewController.m */; };
		CD05D251133716280042C1F2 /* FDCurlViewControl.m in Sources */ = {isa = PBXBuildFile; fileRef = CD05D22A133716280042C1F2 /* FDCurlViewControl.m */; };
		CD05D266133717260042C1F2 /* LICENSE in Resources */ = {isa = PBXBuildFile; fileRef = CD05D264133717260042C1F2 /* LICENSE */; };
		CD05D26A133717D20042C1F2 /* CurlMapViewController.m in Sources */ = {isa = PBXBuildFile; fileRef = CD05D269133717D20042C1F2 /* CurlMapViewController.m */; };
		CD05D26C133718050042C1F2 /* MapKit.framework in Frameworks */ = {isa = PBXBuildFile; fileRef = CD05D26B133718050042C1F2 /* MapKit.framework */; };
		CD05D27913371B4B0042C1F2 /* QuartzCore.framework in Frameworks */ = {isa = PBXBuildFile; fileRef = CD05D27813371B4B0042C1F2 /* QuartzCore.framework */; };
		CD05D3A31337284B0042C1F2 /* CurlMapOptionsView.m in Sources */ = {isa = PBXBuildFile; fileRef = CD05D3A21337284B0042C1F2 /* CurlMapOptionsView.m */; };
		CD05D3DB133831680042C1F2 /* Default-iPad.png in Resources */ = {isa = PBXBuildFile; fileRef = CD05D3D8133831680042C1F2 /* Default-iPad.png */; };
		CD05D3DC133831680042C1F2 /* Default@2x.png in Resources */ = {isa = PBXBuildFile; fileRef = CD05D3D9133831680042C1F2 /* Default@2x.png */; };
		CD05D3DD133831680042C1F2 /* Default.png in Resources */ = {isa = PBXBuildFile; fileRef = CD05D3DA133831680042C1F2 /* Default.png */; };
		CD05D3E7133832710042C1F2 /* Icon-72.png in Resources */ = {isa = PBXBuildFile; fileRef = CD05D3E4133832710042C1F2 /* Icon-72.png */; };
		CD05D3E8133832710042C1F2 /* Icon@2x.png in Resources */ = {isa = PBXBuildFile; fileRef = CD05D3E5133832710042C1F2 /* Icon@2x.png */; };
		CD05D3E9133832710042C1F2 /* Icon.png in Resources */ = {isa = PBXBuildFile; fileRef = CD05D3E6133832710042C1F2 /* Icon.png */; };
		CDECE2F9133AFFAF00D0A56A /* README.mdown in Resources */ = {isa = PBXBuildFile; fileRef = CDECE2F8133AFFAF00D0A56A /* README.mdown */; };
/* End PBXBuildFile section */

/* Begin PBXFileReference section */
		1D30AB110D05D00D00671497 /* Foundation.framework */ = {isa = PBXFileReference; lastKnownFileType = wrapper.framework; name = Foundation.framework; path = System/Library/Frameworks/Foundation.framework; sourceTree = SDKROOT; };
		1D3623240D0F684500981E51 /* AppDelegate.h */ = {isa = PBXFileReference; fileEncoding = 4; lastKnownFileType = sourcecode.c.h; path = AppDelegate.h; sourceTree = "<group>"; };
		1D3623250D0F684500981E51 /* AppDelegate.m */ = {isa = PBXFileReference; fileEncoding = 4; lastKnownFileType = sourcecode.c.objc; path = AppDelegate.m; sourceTree = "<group>"; };
		1D6058910D05DD3D006BFB54 /* FDCatalog.app */ = {isa = PBXFileReference; explicitFileType = wrapper.application; includeInIndex = 0; path = FDCatalog.app; sourceTree = BUILT_PRODUCTS_DIR; };
		1DF5F4DF0D08C38300B7A737 /* UIKit.framework */ = {isa = PBXFileReference; lastKnownFileType = wrapper.framework; name = UIKit.framework; path = System/Library/Frameworks/UIKit.framework; sourceTree = SDKROOT; };
		288765A40DF7441C002DB57D /* CoreGraphics.framework */ = {isa = PBXFileReference; lastKnownFileType = wrapper.framework; name = CoreGraphics.framework; path = System/Library/Frameworks/CoreGraphics.framework; sourceTree = SDKROOT; };
		28D7ACF60DDB3853001CB0EB /* RootViewController.h */ = {isa = PBXFileReference; fileEncoding = 4; lastKnownFileType = sourcecode.c.h; path = RootViewController.h; sourceTree = "<group>"; };
		28D7ACF70DDB3853001CB0EB /* RootViewController.m */ = {isa = PBXFileReference; fileEncoding = 4; lastKnownFileType = sourcecode.c.objc; path = RootViewController.m; sourceTree = "<group>"; };
		29B97316FDCFA39411CA2CEA /* main.m */ = {isa = PBXFileReference; fileEncoding = 4; lastKnownFileType = sourcecode.c.objc; path = main.m; sourceTree = "<group>"; };
		32CA4F630368D1EE00C91783 /* FDCatalog_Prefix.pch */ = {isa = PBXFileReference; fileEncoding = 4; lastKnownFileType = sourcecode.c.h; path = FDCatalog_Prefix.pch; sourceTree = "<group>"; };
		8D1107310486CEB800E47090 /* Info.plist */ = {isa = PBXFileReference; fileEncoding = 4; lastKnownFileType = text.plist.xml; path = Info.plist; plistStructureDefinitionIdentifier = "com.apple.xcode.plist.structure-definition.iphone.info-plist"; sourceTree = "<group>"; };
		CD05D229133716280042C1F2 /* FDCurlViewControl.h */ = {isa = PBXFileReference; fileEncoding = 4; lastKnownFileType = sourcecode.c.h; path = FDCurlViewControl.h; sourceTree = "<group>"; };
		CD05D22A133716280042C1F2 /* FDCurlViewControl.m */ = {isa = PBXFileReference; fileEncoding = 4; lastKnownFileType = sourcecode.c.objc; path = FDCurlViewControl.m; sourceTree = "<group>"; };
		CD05D264133717260042C1F2 /* LICENSE */ = {isa = PBXFileReference; fileEncoding = 4; lastKnownFileType = text; path = LICENSE; sourceTree = "<group>"; };
		CD05D268133717D20042C1F2 /* CurlMapViewController.h */ = {isa = PBXFileReference; fileEncoding = 4; lastKnownFileType = sourcecode.c.h; path = CurlMapViewController.h; sourceTree = "<group>"; };
		CD05D269133717D20042C1F2 /* CurlMapViewController.m */ = {isa = PBXFileReference; fileEncoding = 4; lastKnownFileType = sourcecode.c.objc; path = CurlMapViewController.m; sourceTree = "<group>"; };
		CD05D26B133718050042C1F2 /* MapKit.framework */ = {isa = PBXFileReference; lastKnownFileType = wrapper.framework; name = MapKit.framework; path = System/Library/Frameworks/MapKit.framework; sourceTree = SDKROOT; };
		CD05D27813371B4B0042C1F2 /* QuartzCore.framework */ = {isa = PBXFileReference; lastKnownFileType = wrapper.framework; name = QuartzCore.framework; path = System/Library/Frameworks/QuartzCore.framework; sourceTree = SDKROOT; };
		CD05D3A11337284B0042C1F2 /* CurlMapOptionsView.h */ = {isa = PBXFileReference; fileEncoding = 4; lastKnownFileType = sourcecode.c.h; path = CurlMapOptionsView.h; sourceTree = "<group>"; };
		CD05D3A21337284B0042C1F2 /* CurlMapOptionsView.m */ = {isa = PBXFileReference; fileEncoding = 4; lastKnownFileType = sourcecode.c.objc; path = CurlMapOptionsView.m; sourceTree = "<group>"; };
		CD05D3D8133831680042C1F2 /* Default-iPad.png */ = {isa = PBXFileReference; lastKnownFileType = image.png; path = "Default-iPad.png"; sourceTree = "<group>"; };
		CD05D3D9133831680042C1F2 /* Default@2x.png */ = {isa = PBXFileReference; lastKnownFileType = image.png; path = "Default@2x.png"; sourceTree = "<group>"; };
		CD05D3DA133831680042C1F2 /* Default.png */ = {isa = PBXFileReference; lastKnownFileType = image.png; path = Default.png; sourceTree = "<group>"; };
		CD05D3E4133832710042C1F2 /* Icon-72.png */ = {isa = PBXFileReference; lastKnownFileType = image.png; path = "Icon-72.png"; sourceTree = "<group>"; };
		CD05D3E5133832710042C1F2 /* Icon@2x.png */ = {isa = PBXFileReference; lastKnownFileType = image.png; path = "Icon@2x.png"; sourceTree = "<group>"; };
		CD05D3E6133832710042C1F2 /* Icon.png */ = {isa = PBXFileReference; lastKnownFileType = image.png; path = Icon.png; sourceTree = "<group>"; };
		CDECE2F8133AFFAF00D0A56A /* README.mdown */ = {isa = PBXFileReference; fileEncoding = 4; lastKnownFileType = text; path = README.mdown; sourceTree = "<group>"; };
/* End PBXFileReference section */

/* Begin PBXFrameworksBuildPhase section */
		1D60588F0D05DD3D006BFB54 /* Frameworks */ = {
			isa = PBXFrameworksBuildPhase;
			buildActionMask = 2147483647;
			files = (
				1D60589F0D05DD5A006BFB54 /* Foundation.framework in Frameworks */,
				1DF5F4E00D08C38300B7A737 /* UIKit.framework in Frameworks */,
				288765A50DF7441C002DB57D /* CoreGraphics.framework in Frameworks */,
				CD05D26C133718050042C1F2 /* MapKit.framework in Frameworks */,
				CD05D27913371B4B0042C1F2 /* QuartzCore.framework in Frameworks */,
			);
			runOnlyForDeploymentPostprocessing = 0;
		};
/* End PBXFrameworksBuildPhase section */

/* Begin PBXGroup section */
		080E96DDFE201D6D7F000001 /* Classes */ = {
			isa = PBXGroup;
			children = (
				CDF2571B13333EC500E2518C /* Curl View */,
				CDF2571913333EBC00E2518C /* Speech Bubble */,
				1D3623240D0F684500981E51 /* AppDelegate.h */,
				1D3623250D0F684500981E51 /* AppDelegate.m */,
				28D7ACF60DDB3853001CB0EB /* RootViewController.h */,
				28D7ACF70DDB3853001CB0EB /* RootViewController.m */,
			);
			path = Classes;
			sourceTree = "<group>";
		};
		19C28FACFE9D520D11CA2CBB /* Products */ = {
			isa = PBXGroup;
			children = (
				1D6058910D05DD3D006BFB54 /* FDCatalog.app */,
			);
			name = Products;
			sourceTree = "<group>";
		};
		29B97314FDCFA39411CA2CEA /* CustomTemplate */ = {
			isa = PBXGroup;
			children = (
				080E96DDFE201D6D7F000001 /* Classes */,
				29B97315FDCFA39411CA2CEA /* Other Sources */,
				29B97317FDCFA39411CA2CEA /* Resources */,
				29B97323FDCFA39411CA2CEA /* Frameworks */,
				19C28FACFE9D520D11CA2CBB /* Products */,
			);
			name = CustomTemplate;
			sourceTree = "<group>";
		};
		29B97315FDCFA39411CA2CEA /* Other Sources */ = {
			isa = PBXGroup;
			children = (
				32CA4F630368D1EE00C91783 /* FDCatalog_Prefix.pch */,
				29B97316FDCFA39411CA2CEA /* main.m */,
			);
			name = "Other Sources";
			sourceTree = "<group>";
		};
		29B97317FDCFA39411CA2CEA /* Resources */ = {
			isa = PBXGroup;
			children = (
				CDECE2F8133AFFAF00D0A56A /* README.mdown */,
				CD05D264133717260042C1F2 /* LICENSE */,
				8D1107310486CEB800E47090 /* Info.plist */,
				CD05D3D8133831680042C1F2 /* Default-iPad.png */,
				CD05D3D9133831680042C1F2 /* Default@2x.png */,
				CD05D3DA133831680042C1F2 /* Default.png */,
				CD05D3E4133832710042C1F2 /* Icon-72.png */,
				CD05D3E5133832710042C1F2 /* Icon@2x.png */,
				CD05D3E6133832710042C1F2 /* Icon.png */,
			);
			name = Resources;
			sourceTree = "<group>";
		};
		29B97323FDCFA39411CA2CEA /* Frameworks */ = {
			isa = PBXGroup;
			children = (
				1DF5F4DF0D08C38300B7A737 /* UIKit.framework */,
				1D30AB110D05D00D00671497 /* Foundation.framework */,
				288765A40DF7441C002DB57D /* CoreGraphics.framework */,
				CD05D26B133718050042C1F2 /* MapKit.framework */,
				CD05D27813371B4B0042C1F2 /* QuartzCore.framework */,
			);
			name = Frameworks;
			sourceTree = "<group>";
		};
		CD05D1EB133716280042C1F2 /* FDCurlViewControl */ = {
			isa = PBXGroup;
			children = (
				CD05D229133716280042C1F2 /* FDCurlViewControl.h */,
				CD05D22A133716280042C1F2 /* FDCurlViewControl.m */,
			);
			name = FDCurlViewControl;
			path = lib/FDCurlViewControl;
			sourceTree = SOURCE_ROOT;
		};
		CDF2571913333EBC00E2518C /* Speech Bubble */ = {
			isa = PBXGroup;
			children = (
			);
			name = "Speech Bubble";
			sourceTree = "<group>";
		};
		CDF2571B13333EC500E2518C /* Curl View */ = {
			isa = PBXGroup;
			children = (
				CD05D1EB133716280042C1F2 /* FDCurlViewControl */,
				CD05D268133717D20042C1F2 /* CurlMapViewController.h */,
				CD05D269133717D20042C1F2 /* CurlMapViewController.m */,
				CD05D3A11337284B0042C1F2 /* CurlMapOptionsView.h */,
				CD05D3A21337284B0042C1F2 /* CurlMapOptionsView.m */,
			);
			name = "Curl View";
			sourceTree = "<group>";
		};
/* End PBXGroup section */

/* Begin PBXNativeTarget section */
		1D6058900D05DD3D006BFB54 /* FDCatalog */ = {
			isa = PBXNativeTarget;
			buildConfigurationList = 1D6058960D05DD3E006BFB54 /* Build configuration list for PBXNativeTarget "FDCatalog" */;
			buildPhases = (
				1D60588D0D05DD3D006BFB54 /* Resources */,
				1D60588E0D05DD3D006BFB54 /* Sources */,
				1D60588F0D05DD3D006BFB54 /* Frameworks */,
			);
			buildRules = (
			);
			dependencies = (
			);
			name = FDCatalog;
			productName = FDCatalog;
			productReference = 1D6058910D05DD3D006BFB54 /* FDCatalog.app */;
			productType = "com.apple.product-type.application";
		};
/* End PBXNativeTarget section */

/* Begin PBXProject section */
		29B97313FDCFA39411CA2CEA /* Project object */ = {
			isa = PBXProject;
			buildConfigurationList = C01FCF4E08A954540054247B /* Build configuration list for PBXProject "FDCatalog" */;
			compatibilityVersion = "Xcode 3.2";
			developmentRegion = English;
			hasScannedForEncodings = 1;
			knownRegions = (
				English,
				Japanese,
				French,
				German,
			);
			mainGroup = 29B97314FDCFA39411CA2CEA /* CustomTemplate */;
			projectDirPath = "";
			projectRoot = "";
			targets = (
				1D6058900D05DD3D006BFB54 /* FDCatalog */,
			);
		};
/* End PBXProject section */

/* Begin PBXResourcesBuildPhase section */
		1D60588D0D05DD3D006BFB54 /* Resources */ = {
			isa = PBXResourcesBuildPhase;
			buildActionMask = 2147483647;
			files = (
				CD05D266133717260042C1F2 /* LICENSE in Resources */,
				CD05D3DB133831680042C1F2 /* Default-iPad.png in Resources */,
				CD05D3DC133831680042C1F2 /* Default@2x.png in Resources */,
				CD05D3DD133831680042C1F2 /* Default.png in Resources */,
				CD05D3E7133832710042C1F2 /* Icon-72.png in Resources */,
				CD05D3E8133832710042C1F2 /* Icon@2x.png in Resources */,
				CD05D3E9133832710042C1F2 /* Icon.png in Resources */,
				CDECE2F9133AFFAF00D0A56A /* README.mdown in Resources */,
			);
			runOnlyForDeploymentPostprocessing = 0;
		};
/* End PBXResourcesBuildPhase section */

/* Begin PBXSourcesBuildPhase section */
		1D60588E0D05DD3D006BFB54 /* Sources */ = {
			isa = PBXSourcesBuildPhase;
			buildActionMask = 2147483647;
			files = (
				1D60589B0D05DD56006BFB54 /* main.m in Sources */,
				1D3623260D0F684500981E51 /* AppDelegate.m in Sources */,
				28D7ACF80DDB3853001CB0EB /* RootViewController.m in Sources */,
				CD05D251133716280042C1F2 /* FDCurlViewControl.m in Sources */,
				CD05D26A133717D20042C1F2 /* CurlMapViewController.m in Sources */,
				CD05D3A31337284B0042C1F2 /* CurlMapOptionsView.m in Sources */,
			);
			runOnlyForDeploymentPostprocessing = 0;
		};
/* End PBXSourcesBuildPhase section */

/* Begin XCBuildConfiguration section */
		1D6058940D05DD3E006BFB54 /* Debug */ = {
			isa = XCBuildConfiguration;
			buildSettings = {
				ALWAYS_SEARCH_USER_PATHS = NO;
				COPY_PHASE_STRIP = NO;
				GCC_DYNAMIC_NO_PIC = NO;
				GCC_OPTIMIZATION_LEVEL = 0;
				GCC_PRECOMPILE_PREFIX_HEADER = YES;
				GCC_PREFIX_HEADER = FDCatalog_Prefix.pch;
				INFOPLIST_FILE = Info.plist;
				PRODUCT_NAME = FDCatalog;
			};
			name = Debug;
		};
		1D6058950D05DD3E006BFB54 /* Release */ = {
			isa = XCBuildConfiguration;
			buildSettings = {
				ALWAYS_SEARCH_USER_PATHS = NO;
				COPY_PHASE_STRIP = YES;
				GCC_PRECOMPILE_PREFIX_HEADER = YES;
				GCC_PREFIX_HEADER = FDCatalog_Prefix.pch;
				INFOPLIST_FILE = Info.plist;
				PRODUCT_NAME = FDCatalog;
				VALIDATE_PRODUCT = YES;
			};
			name = Release;
		};
		C01FCF4F08A954540054247B /* Debug */ = {
			isa = XCBuildConfiguration;
			buildSettings = {
				ARCHS = "$(ARCHS_STANDARD_32_BIT)";
				"CODE_SIGN_IDENTITY[sdk=iphoneos*]" = "iPhone Developer";
				GCC_C_LANGUAGE_STANDARD = c99;
				GCC_WARN_ABOUT_RETURN_TYPE = YES;
				GCC_WARN_UNUSED_VARIABLE = YES;
				IPHONEOS_DEPLOYMENT_TARGET = 4.0;
				PREBINDING = NO;
				SDKROOT = iphoneos;
				TARGETED_DEVICE_FAMILY = "1,2";
			};
			name = Debug;
		};
		C01FCF5008A954540054247B /* Release */ = {
			isa = XCBuildConfiguration;
			buildSettings = {
				ARCHS = "$(ARCHS_STANDARD_32_BIT)";
				"CODE_SIGN_IDENTITY[sdk=iphoneos*]" = "iPhone Developer";
				GCC_C_LANGUAGE_STANDARD = c99;
				GCC_WARN_ABOUT_RETURN_TYPE = YES;
				GCC_WARN_UNUSED_VARIABLE = YES;
				IPHONEOS_DEPLOYMENT_TARGET = 4.0;
				OTHER_CFLAGS = "-DNS_BLOCK_ASSERTIONS=1";
				PREBINDING = NO;
				SDKROOT = iphoneos;
				TARGETED_DEVICE_FAMILY = "1,2";
			};
			name = Release;
		};
/* End XCBuildConfiguration section */

/* Begin XCConfigurationList section */
		1D6058960D05DD3E006BFB54 /* Build configuration list for PBXNativeTarget "FDCatalog" */ = {
			isa = XCConfigurationList;
			buildConfigurations = (
				1D6058940D05DD3E006BFB54 /* Debug */,
				1D6058950D05DD3E006BFB54 /* Release */,
			);
			defaultConfigurationIsVisible = 0;
			defaultConfigurationName = Release;
		};
		C01FCF4E08A954540054247B /* Build configuration list for PBXProject "FDCatalog" */ = {
			isa = XCConfigurationList;
			buildConfigurations = (
				C01FCF4F08A954540054247B /* Debug */,
				C01FCF5008A954540054247B /* Release */,
			);
			defaultConfigurationIsVisible = 0;
			defaultConfigurationName = Release;
		};
/* End XCConfigurationList section */
	};
	rootObject = 29B97313FDCFA39411CA2CEA /* Project object */;
}
